
Microsoft Visual Studio Solution File, Format Version 12.00
# Visual Studio Version 17
VisualStudioVersion = 17.9.34728.123
MinimumVisualStudioVersion = 10.0.40219.1
Project("{FAE04EC0-301F-11D3-BF4B-00C04F79EFBC}") = "MauiAppJogoDaVelha", "MauiAppJogoDaVelha\MauiAppJogoDaVelha.csproj", "{666C69B8-5C49-49DE-9E10-2B6B7188FDFA}"
EndProject
Global
	GlobalSection(SolutionConfigurationPlatforms) = preSolution
		Debug|Any CPU = Debug|Any CPU
		Release|Any CPU = Release|Any CPU
	EndGlobalSection
	GlobalSection(ProjectConfigurationPlatforms) = postSolution
		{666C69B8-5C49-49DE-9E10-2B6B7188FDFA}.Debug|Any CPU.ActiveCfg = Debug|Any CPU
		{666C69B8-5C49-49DE-9E10-2B6B7188FDFA}.Debug|Any CPU.Build.0 = Debug|Any CPU
		{666C69B8-5C49-49DE-9E10-2B6B7188FDFA}.Debug|Any CPU.Deploy.0 = Debug|Any CPU
		{666C69B8-5C49-49DE-9E10-2B6B7188FDFA}.Release|Any CPU.ActiveCfg = Release|Any CPU
		{666C69B8-5C49-49DE-9E10-2B6B7188FDFA}.Release|Any CPU.Build.0 = Release|Any CPU
		{666C69B8-5C49-49DE-9E10-2B6B7188FDFA}.Release|Any CPU.Deploy.0 = Release|Any CPU
	EndGlobalSection
	GlobalSection(SolutionProperties) = preSolution
		HideSolutionNode = FALSE
	EndGlobalSection
	GlobalSection(ExtensibilityGlobals) = postSolution
		SolutionGuid = {E5BFBD79-161C-4263-9164-6AE55F102F76}
	EndGlobalSection
EndGlobal
